
Microsoft Visual Studio Solution File, Format Version 12.00
# Visual Studio Version 16
VisualStudioVersion = 16.0.29324.140
MinimumVisualStudioVersion = 10.0.40219.1
Project("{FAE04EC0-301F-11D3-BF4B-00C04F79EFBC}") = "Calculator", "Calculator.csproj", "{83153619-8D72-498B-984A-E1667CF01034}"
EndProject
Global
	GlobalSection(SolutionConfigurationPlatforms) = preSolution
		Debug|Any CPU = Debug|Any CPU
		Release|Any CPU = Release|Any CPU
	EndGlobalSection
	GlobalSection(ProjectConfigurationPlatforms) = postSolution
		{83153619-8D72-498B-984A-E1667CF01034}.Debug|Any CPU.ActiveCfg = Debug|Any CPU
		{83153619-8D72-498B-984A-E1667CF01034}.Debug|Any CPU.Build.0 = Debug|Any CPU
		{83153619-8D72-498B-984A-E1667CF01034}.Release|Any CPU.ActiveCfg = Release|Any CPU
		{83153619-8D72-498B-984A-E1667CF01034}.Release|Any CPU.Build.0 = Release|Any CPU
	EndGlobalSection
	GlobalSection(SolutionProperties) = preSolution
		HideSolutionNode = FALSE
	EndGlobalSection
	GlobalSection(ExtensibilityGlobals) = postSolution
		SolutionGuid = {6CECC561-710F-4454-ADB4-3E4772DD6486}
	EndGlobalSection
EndGlobal
